
Microsoft Visual Studio Solution File, Format Version 12.00
# Visual Studio Version 17
VisualStudioVersion = 17.0.32014.148
MinimumVisualStudioVersion = 10.0.40219.1
Project("{FAE04EC0-301F-11D3-BF4B-00C04F79EFBC}") = "RepairCafeBassendeanSessionServer", "RepairCafeBassendeanSessionServer\RepairCafeBassendeanSessionServer.csproj", "{5EAE86C6-8371-4EF1-88C5-5153AFAA312E}"
EndProject
Global
	GlobalSection(SolutionConfigurationPlatforms) = preSolution
		Debug|Any CPU = Debug|Any CPU
		Release|Any CPU = Release|Any CPU
	EndGlobalSection
	GlobalSection(ProjectConfigurationPlatforms) = postSolution
		{5EAE86C6-8371-4EF1-88C5-5153AFAA312E}.Debug|Any CPU.ActiveCfg = Debug|Any CPU
		{5EAE86C6-8371-4EF1-88C5-5153AFAA312E}.Debug|Any CPU.Build.0 = Debug|Any CPU
		{5EAE86C6-8371-4EF1-88C5-5153AFAA312E}.Release|Any CPU.ActiveCfg = Release|Any CPU
		{5EAE86C6-8371-4EF1-88C5-5153AFAA312E}.Release|Any CPU.Build.0 = Release|Any CPU
	EndGlobalSection
	GlobalSection(SolutionProperties) = preSolution
		HideSolutionNode = FALSE
	EndGlobalSection
	GlobalSection(ExtensibilityGlobals) = postSolution
		SolutionGuid = {35D1B1DF-ECE8-4803-9E84-9A0A78A2A6B8}
	EndGlobalSection
EndGlobal
